
Microsoft Visual Studio Solution File, Format Version 12.00
# Visual Studio 2013
VisualStudioVersion = 12.0.31101.0
MinimumVisualStudioVersion = 10.0.40219.1
Project("{F184B08F-C81C-45F6-A57F-5ABD9991F28F}") = "ProductionLog", "ProductionLog\ProductionLog.vbproj", "{E9948FF0-11E9-4648-81CD-5549DBC259D5}"
EndProject
Project("{2150E333-8FDC-42A3-9474-1A3956D46DE8}") = ".nuget", ".nuget", "{61E79BE4-3F40-4EF6-A465-CDA65CCFCF3A}"
	ProjectSection(SolutionItems) = preProject
		.nuget\packages.config = .nuget\packages.config
	EndProjectSection
EndProject
Global
	GlobalSection(SolutionConfigurationPlatforms) = preSolution
		Debug|Any CPU = Debug|Any CPU
		Release|Any CPU = Release|Any CPU
	EndGlobalSection
	GlobalSection(ProjectConfigurationPlatforms) = postSolution
		{E9948FF0-11E9-4648-81CD-5549DBC259D5}.Debug|Any CPU.ActiveCfg = Debug|Any CPU
		{E9948FF0-11E9-4648-81CD-5549DBC259D5}.Debug|Any CPU.Build.0 = Debug|Any CPU
		{E9948FF0-11E9-4648-81CD-5549DBC259D5}.Release|Any CPU.ActiveCfg = Release|Any CPU
		{E9948FF0-11E9-4648-81CD-5549DBC259D5}.Release|Any CPU.Build.0 = Release|Any CPU
	EndGlobalSection
	GlobalSection(SolutionProperties) = preSolution
		HideSolutionNode = FALSE
	EndGlobalSection
EndGlobal
